
Microsoft Visual Studio Solution File, Format Version 12.00
# Visual Studio Version 17
VisualStudioVersion = 17.11.35327.3
MinimumVisualStudioVersion = 10.0.40219.1
Project("{8BC9CEB8-8B4A-11D0-8D11-00A0C91BC942}") = "Chip-8", "Chip-8\Chip-8.vcxproj", "{699CEF38-D933-42E7-A0B1-A0CA15C4AED4}"
EndProject
Global
	GlobalSection(SolutionConfigurationPlatforms) = preSolution
		Debug|x64 = Debug|x64
		Debug|x86 = Debug|x86
		Release|x64 = Release|x64
		Release|x86 = Release|x86
	EndGlobalSection
	GlobalSection(ProjectConfigurationPlatforms) = postSolution
		{699CEF38-D933-42E7-A0B1-A0CA15C4AED4}.Debug|x64.ActiveCfg = Debug|x64
		{699CEF38-D933-42E7-A0B1-A0CA15C4AED4}.Debug|x64.Build.0 = Debug|x64
		{699CEF38-D933-42E7-A0B1-A0CA15C4AED4}.Debug|x86.ActiveCfg = Debug|Win32
		{699CEF38-D933-42E7-A0B1-A0CA15C4AED4}.Debug|x86.Build.0 = Debug|Win32
		{699CEF38-D933-42E7-A0B1-A0CA15C4AED4}.Release|x64.ActiveCfg = Release|x64
		{699CEF38-D933-42E7-A0B1-A0CA15C4AED4}.Release|x64.Build.0 = Release|x64
		{699CEF38-D933-42E7-A0B1-A0CA15C4AED4}.Release|x86.ActiveCfg = Release|Win32
		{699CEF38-D933-42E7-A0B1-A0CA15C4AED4}.Release|x86.Build.0 = Release|Win32
	EndGlobalSection
	GlobalSection(SolutionProperties) = preSolution
		HideSolutionNode = FALSE
	EndGlobalSection
	GlobalSection(ExtensibilityGlobals) = postSolution
		SolutionGuid = {894029EF-525C-46C0-A5DA-AE5DF4DDEC0D}
	EndGlobalSection
EndGlobal
